
Microsoft Visual Studio Solution File, Format Version 12.00
# Visual Studio 15
VisualStudioVersion = 15.0.27703.2000
MinimumVisualStudioVersion = 10.0.40219.1
Project("{9A19103F-16F7-4668-BE54-9A1E7A4F7556}") = "GraphqlTest", "GraphqlTest\GraphqlTest.csproj", "{13BECEB5-6B6F-4887-8989-6AEE03F044A5}"
EndProject
Project("{9A19103F-16F7-4668-BE54-9A1E7A4F7556}") = "FileObserver", "FileObserver\FileObserver.csproj", "{F81D3CBA-A491-4827-A3B2-8E40D3BBF26D}"
EndProject
Project("{9A19103F-16F7-4668-BE54-9A1E7A4F7556}") = "EFTest", "EFTest\EFTest.csproj", "{2FF0EB0C-A53D-4986-A0CE-CEFDF70F9367}"
EndProject
Project("{FAE04EC0-301F-11D3-BF4B-00C04F79EFBC}") = "Selectors", "Selectors\Selectors.csproj", "{A800455C-5AED-4B1C-9E1F-6BD2AF3E7665}"
EndProject
Project("{FAE04EC0-301F-11D3-BF4B-00C04F79EFBC}") = "RedisTestApi", "RedisTestApi\RedisTestApi.csproj", "{53842352-A090-4DAD-AFD5-CFDBEBD6064A}"
EndProject
Project("{FAE04EC0-301F-11D3-BF4B-00C04F79EFBC}") = "GraphqlApi", "GraphqlApi\GraphqlApi.csproj", "{38DDF359-9E2B-4B41-8A34-3854F0D099AC}"
EndProject
Project("{FAE04EC0-301F-11D3-BF4B-00C04F79EFBC}") = "RequestResponseExtensions", "RequestResponseExtensions\RequestResponseExtensions.csproj", "{9FEA4F1A-B521-4EEA-A1A8-A18D3402A64D}"
EndProject
Global
	GlobalSection(SolutionConfigurationPlatforms) = preSolution
		Debug|Any CPU = Debug|Any CPU
		Release|Any CPU = Release|Any CPU
	EndGlobalSection
	GlobalSection(ProjectConfigurationPlatforms) = postSolution
		{13BECEB5-6B6F-4887-8989-6AEE03F044A5}.Debug|Any CPU.ActiveCfg = Debug|Any CPU
		{13BECEB5-6B6F-4887-8989-6AEE03F044A5}.Debug|Any CPU.Build.0 = Debug|Any CPU
		{13BECEB5-6B6F-4887-8989-6AEE03F044A5}.Release|Any CPU.ActiveCfg = Release|Any CPU
		{13BECEB5-6B6F-4887-8989-6AEE03F044A5}.Release|Any CPU.Build.0 = Release|Any CPU
		{F81D3CBA-A491-4827-A3B2-8E40D3BBF26D}.Debug|Any CPU.ActiveCfg = Debug|Any CPU
		{F81D3CBA-A491-4827-A3B2-8E40D3BBF26D}.Debug|Any CPU.Build.0 = Debug|Any CPU
		{F81D3CBA-A491-4827-A3B2-8E40D3BBF26D}.Release|Any CPU.ActiveCfg = Release|Any CPU
		{F81D3CBA-A491-4827-A3B2-8E40D3BBF26D}.Release|Any CPU.Build.0 = Release|Any CPU
		{2FF0EB0C-A53D-4986-A0CE-CEFDF70F9367}.Debug|Any CPU.ActiveCfg = Debug|Any CPU
		{2FF0EB0C-A53D-4986-A0CE-CEFDF70F9367}.Debug|Any CPU.Build.0 = Debug|Any CPU
		{2FF0EB0C-A53D-4986-A0CE-CEFDF70F9367}.Release|Any CPU.ActiveCfg = Release|Any CPU
		{2FF0EB0C-A53D-4986-A0CE-CEFDF70F9367}.Release|Any CPU.Build.0 = Release|Any CPU
		{A800455C-5AED-4B1C-9E1F-6BD2AF3E7665}.Debug|Any CPU.ActiveCfg = Debug|Any CPU
		{A800455C-5AED-4B1C-9E1F-6BD2AF3E7665}.Debug|Any CPU.Build.0 = Debug|Any CPU
		{A800455C-5AED-4B1C-9E1F-6BD2AF3E7665}.Release|Any CPU.ActiveCfg = Release|Any CPU
		{A800455C-5AED-4B1C-9E1F-6BD2AF3E7665}.Release|Any CPU.Build.0 = Release|Any CPU
		{53842352-A090-4DAD-AFD5-CFDBEBD6064A}.Debug|Any CPU.ActiveCfg = Debug|Any CPU
		{53842352-A090-4DAD-AFD5-CFDBEBD6064A}.Debug|Any CPU.Build.0 = Debug|Any CPU
		{53842352-A090-4DAD-AFD5-CFDBEBD6064A}.Release|Any CPU.ActiveCfg = Release|Any CPU
		{53842352-A090-4DAD-AFD5-CFDBEBD6064A}.Release|Any CPU.Build.0 = Release|Any CPU
		{38DDF359-9E2B-4B41-8A34-3854F0D099AC}.Debug|Any CPU.ActiveCfg = Debug|Any CPU
		{38DDF359-9E2B-4B41-8A34-3854F0D099AC}.Debug|Any CPU.Build.0 = Debug|Any CPU
		{38DDF359-9E2B-4B41-8A34-3854F0D099AC}.Release|Any CPU.ActiveCfg = Release|Any CPU
		{38DDF359-9E2B-4B41-8A34-3854F0D099AC}.Release|Any CPU.Build.0 = Release|Any CPU
		{9FEA4F1A-B521-4EEA-A1A8-A18D3402A64D}.Debug|Any CPU.ActiveCfg = Debug|Any CPU
		{9FEA4F1A-B521-4EEA-A1A8-A18D3402A64D}.Debug|Any CPU.Build.0 = Debug|Any CPU
		{9FEA4F1A-B521-4EEA-A1A8-A18D3402A64D}.Release|Any CPU.ActiveCfg = Release|Any CPU
		{9FEA4F1A-B521-4EEA-A1A8-A18D3402A64D}.Release|Any CPU.Build.0 = Release|Any CPU
	EndGlobalSection
	GlobalSection(SolutionProperties) = preSolution
		HideSolutionNode = FALSE
	EndGlobalSection
	GlobalSection(ExtensibilityGlobals) = postSolution
		SolutionGuid = {8C9E0680-0ED5-48DF-8184-3EE5C675473B}
	EndGlobalSection
EndGlobal
